<?xml version="1.0" encoding="UTF-8" standalone="yes" ?>
<CodeBlocks_project_file>
	<FileVersion major="1" minor="6" />
	<Project>
		<Option title="zombie game remasterered" />
		<Option pch_mode="2" />
		<Option compiler="gcc" />
		<Build>
			<Target title="Debug">
				<Option output="bin/Debug/zombie game remasterered" prefix_auto="1" extension_auto="1" />
				<Option object_output="obj/Debug/" />
				<Option type="1" />
				<Option compiler="gcc" />
				<Compiler>
					<Add option="-g" />
				</Compiler>
			</Target>
			<Target title="Release">
				<Option output="bin/Release/zombie game remasterered" prefix_auto="1" extension_auto="1" />
				<Option object_output="obj/Release/" />
				<Option type="1" />
				<Option compiler="gcc" />
				<Compiler>
					<Add option="-O2" />
				</Compiler>
				<Linker>
					<Add option="-s" />
				</Linker>
			</Target>
		</Build>
		<Compiler>
			<Add option="-Wall" />
			<Add directory="C:/Program Files (x86)/CodeBlocks/SFML/include" />
			<Add directory="C:/Program Files (x86)/CodeBlocks/THOR/include" />
		</Compiler>
		<Linker>
			<Add library="openal32" />
			<Add library="sfml-graphics" />
			<Add library="sfml-window" />
			<Add library="sfml-audio" />
			<Add library="sfml-system" />
			<Add library="thor" />
			<Add directory="C:/Program Files (x86)/CodeBlocks/SFML/lib" />
			<Add directory="C:/Program Files (x86)/CodeBlocks/THOR/lib" />
		</Linker>
		<Unit filename="header/player.cpp" />
		<Unit filename="header/player.hpp" />
		<Unit filename="header/zombie.cpp" />
		<Unit filename="header/zombie.hpp" />
		<Unit filename="main.cpp" />
		<Extensions>
			<code_completion />
			<envvars />
			<debugger />
			<lib_finder disable_auto="1" />
		</Extensions>
	</Project>
</CodeBlocks_project_file>
